version = 1
revision = 3
requires-python = ">=3.14"

[[package]]
name = "dbus-fast"
version = "5.0.22"
source = { registry = "https://pypi.org/simple" }
sdist = { url = "https://files.pythonhosted.org/packages/aa/db/b621610e50b1bc46ff63534d75239553c1bf33256de6096b58214fd9808a/dbus_fast-5.0.22.tar.gz", hash = "sha256:34dc67d7d21a12399828dd13e63b352750580beea54ea7c729e708f2d2905fef", size = 83224, upload-time = "2026-06-05T18:47:59.171Z" }
wheels = [
    { url = "https://files.pythonhosted.org/packages/2b/b6/171f8e92775254e2f42afe9e7501a57ace47f32de2969cb694a375dc9dce/dbus_fast-5.0.22-cp314-cp314-macosx_11_0_arm64.whl", hash = "sha256:511655d915692f55b8c5f5a535acf80cca9c6d1a35384db7fcfdabaae05dd837", size = 692986, upload-time = "2026-06-05T18:56:24.661Z" },
    { url = "https://files.pythonhosted.org/packages/b3/8c/4eefaabdf538882528164060ae83d9a34f1172b019c32c3254436834e9b1/dbus_fast-5.0.22-cp314-cp314-manylinux2014_aarch64.manylinux_2_17_aarch64.manylinux_2_28_aarch64.whl", hash = "sha256:703e0f8f9af52e8e053394ee2b578042be0c3d8ea2b1488f9db8cb14393cc13f", size = 810835, upload-time = "2026-06-05T18:56:26.356Z" },
    { url = "https://files.pythonhosted.org/packages/f5/cf/fd327dbb40ee67a9331fb587bf78aff2ab1500b35979978a5cacb10d7f8c/dbus_fast-5.0.22-cp314-cp314-manylinux2014_x86_64.manylinux_2_17_x86_64.manylinux_2_28_x86_64.whl", hash = "sha256:eb1d7e8e65561d0fd438004fd9e0f981c8a862912fed58dd4e29db1936c39d73", size = 855498, upload-time = "2026-06-05T18:56:28.009Z" },
    { url = "https://files.pythonhosted.org/packages/56/33/1709ebc16a4d353ddc4fcd29252e2b9d93bded6422a45fd6df170e0911c1/dbus_fast-5.0.22-cp314-cp314-manylinux_2_31_riscv64.manylinux_2_39_riscv64.whl", hash = "sha256:959fab6420897ab99410e67d6f9f9a7f6f4cedb6014700768f5e2d71dbff5dc6", size = 833510, upload-time = "2026-06-05T18:56:29.806Z" },
    { url = "https://files.pythonhosted.org/packages/b0/fd/89d7c34152900d986b9c78e39cc62aa73eefc22b57b3a8c946d945a85540/dbus_fast-5.0.22-cp314-cp314-manylinux_2_41_x86_64.whl", hash = "sha256:eb31c5ff339a7071b914617a69d5b7c6ba7d411da4b01a5f9b5b2fe51e9d1301", size = 853669, upload-time = "2026-06-05T18:47:56.747Z" },
    { url = "https://files.pythonhosted.org/packages/a6/a1/031cc4a89d947f1fe110f663f93dcce9230213b7accaf719790d813def04/dbus_fast-5.0.22-cp314-cp314-musllinux_1_2_aarch64.whl", hash = "sha256:856f0543c593f3480e93e67bcd1aa4ddc1d94a6076cfd3ad4e0f5e2b01b33dc3", size = 818486, upload-time = "2026-06-05T18:56:31.72Z" },
    { url = "https://files.pythonhosted.org/packages/36/e2/de8b764fdb947314fb8c2e079b556510194fd100983776845e234a107cc9/dbus_fast-5.0.22-cp314-cp314-musllinux_1_2_riscv64.whl", hash = "sha256:96d231d128c1f46f263790335897195dde9dac2f38571782db8ae1d8647bd548", size = 833582, upload-time = "2026-06-05T18:56:33.325Z" },
    { url = "https://files.pythonhosted.org/packages/b0/1f/e5f0dd28d07c4b3f7bafd3357bfa424c8dace355a3dad921fec05db4634b/dbus_fast-5.0.22-cp314-cp314-musllinux_1_2_x86_64.whl", hash = "sha256:595bd3ccfd8318cbafff79f33a15709fee3728724fd61d5fa220080d73b574cb", size = 862291, upload-time = "2026-06-05T18:56:35.102Z" },
    { url = "https://files.pythonhosted.org/packages/7c/dd/61086156a1c2d8ffd04d61a232debbaff8ca9fc1cf598476999e1f06164d/dbus_fast-5.0.22-cp314-cp314t-macosx_11_0_arm64.whl", hash = "sha256:69a077c296eaab8c30160e861b5514c33d99d67d41d17dbf02e89aae44543b11", size = 1353993, upload-time = "2026-06-05T18:56:36.849Z" },
    { url = "https://files.pythonhosted.org/packages/26/69/5b54654f598ef98e8f94fd5a40929668b1f8fcd76e7fb50de0db73d329da/dbus_fast-5.0.22-cp314-cp314t-manylinux2014_aarch64.manylinux_2_17_aarch64.manylinux_2_28_aarch64.whl", hash = "sha256:04bac97d0cb754a4d13037d0132517f1df28192d6e0568a0bf6df06623062285", size = 1534804, upload-time = "2026-06-05T18:56:38.804Z" },
    { url = "https://files.pythonhosted.org/packages/24/b7/c00d01699dc87ffc35f143226d3b296372840e2e2bc15101d35df7c74949/dbus_fast-5.0.22-cp314-cp314t-manylinux2014_x86_64.manylinux_2_17_x86_64.manylinux_2_28_x86_64.whl", hash = "sha256:3eb57d592d84b0bb90e0c077db7ecb61562f49cc9b86a3ef08cbe17243e9cc4f", size = 1613316, upload-time = "2026-06-05T18:56:40.461Z" },
    { url = "https://files.pythonhosted.org/packages/f3/94/ea0db4c1aa6409cb16551b50aa8573e72f64407ca5281b042919ef81ca1c/dbus_fast-5.0.22-cp314-cp314t-manylinux_2_31_riscv64.manylinux_2_39_riscv64.whl", hash = "sha256:de4d235d1282ebb3ab65b6cddab84e914c045d92ceb381ddcbdbaf66bf1fb132", size = 822053, upload-time = "2026-06-05T18:56:42.519Z" },
    { url = "https://files.pythonhosted.org/packages/40/e4/a3bb52185b8a8c76bd8aaba3ff4fa8395eea19fbc142122b43dc377b275c/dbus_fast-5.0.22-cp314-cp314t-musllinux_1_2_aarch64.whl", hash = "sha256:048f34299fbe82d7b87c56f47e8bd83f62339a4517685abc6671d603a55d2c89", size = 1549996, upload-time = "2026-06-05T18:56:44.307Z" },
    { url = "https://files.pythonhosted.org/packages/37/2b/6e405ba92e87d78a689a387809d975f97f8c8748b98efccfacd2b4e1d9f5/dbus_fast-5.0.22-cp314-cp314t-musllinux_1_2_riscv64.whl", hash = "sha256:92df9fb6d8adeb17b534621c2ee730295bbe1d0c2584d5c82b1db478e3f04e8f", size = 823004, upload-time = "2026-06-05T18:56:46.023Z" },
    { url = "https://files.pythonhosted.org/packages/b8/8f/77135ab8d690030cdb0ebeca879640b5945c4cbf5344ecbc507b4628da24/dbus_fast-5.0.22-cp314-cp314t-musllinux_1_2_x86_64.whl", hash = "sha256:7be4271e38251f1ad726962dec60da887c8ed352d157352e4fc27f56aece5c5d", size = 1629160, upload-time = "2026-06-05T18:56:47.688Z" },
]

[[package]]
name = "prek"
version = "0.4.10"
source = { registry = "https://pypi.org/simple" }
sdist = { url = "https://files.pythonhosted.org/packages/7c/54/edc21e275f9fa3540d4d98cf349c2de11621d6729cc401bb7aedf563609e/prek-0.4.10.tar.gz", hash = "sha256:db3122f4e780eb4587635e6a83df881caf2dbb1eb7799d1cca51158216d6f33b", size = 502565, upload-time = "2026-07-16T10:13:00.788Z" }
wheels = [
    { url = "https://files.pythonhosted.org/packages/db/e7/5a63528ba7b95b64f38db3e253aed49ee8e5e8ba16589889d2b7f809edb7/prek-0.4.10-py3-none-linux_armv6l.whl", hash = "sha256:023f302741d79301346c3088ba43a9592aff0ecdbe5ddc3019fa9b1183319c5e", size = 5694609, upload-time = "2026-07-16T10:12:26.352Z" },
    { url = "https://files.pythonhosted.org/packages/0b/ef/ee9e6bf9a5ce242e9e4e66ac4e2e9042a0f6fd9f367cee18ad404456e93d/prek-0.4.10-py3-none-macosx_10_12_x86_64.whl", hash = "sha256:72adc707e16f97564bbae08d22b222ac3bb2491f8fbfb5a0754f80d472c28a71", size = 6044037, upload-time = "2026-07-16T10:12:28.539Z" },
    { url = "https://files.pythonhosted.org/packages/68/7e/da08cc39e5348ccb9234e63a21ee56861f72e8497d6a78f0db1ccae6515d/prek-0.4.10-py3-none-macosx_11_0_arm64.whl", hash = "sha256:04c9321957e1b32e1fc7cf60bb4f90bba3761f8659d5551ed04f96e25596de49", size = 5535983, upload-time = "2026-07-16T10:12:30.691Z" },
    { url = "https://files.pythonhosted.org/packages/30/c6/0486a35bb687a9beac7a5810bd1104c6da56d469b30b1eeaeefd03c99da2/prek-0.4.10-py3-none-manylinux_2_17_aarch64.manylinux2014_aarch64.musllinux_1_1_aarch64.whl", hash = "sha256:e66ccf6c5e4ebadd05cd98cb338d7f553e4d27aa243cf91279c5a569b3cdccc7", size = 5862085, upload-time = "2026-07-16T10:12:33.042Z" },
    { url = "https://files.pythonhosted.org/packages/52/39/277fe17ae1f121e532e3942456f5a6d01ddacfbc550e481dcb359be7a1b0/prek-0.4.10-py3-none-manylinux_2_17_armv7l.manylinux2014_armv7l.whl", hash = "sha256:63f9061d75a50ef0ca92c4b596ad352937a845df80758244950e513b27e9e18f", size = 5605697, upload-time = "2026-07-16T10:12:35.498Z" },
    { url = "https://files.pythonhosted.org/packages/ad/a1/08354af3e000f2656fad086690d834eab6c04631ff41313a219ea6232199/prek-0.4.10-py3-none-manylinux_2_17_i686.manylinux2014_i686.whl", hash = "sha256:3c2ff7110e4bfaafbbab13c2893a337081aca61ed797f14b6b224d2ea9741eef", size = 6034111, upload-time = "2026-07-16T10:12:37.545Z" },
    { url = "https://files.pythonhosted.org/packages/e4/74/4702396c8d486132e5ce009ab56a0b37f50cb6866830d371f2617b7bdfdc/prek-0.4.10-py3-none-manylinux_2_17_s390x.manylinux2014_s390x.whl", hash = "sha256:2b696a05542e79aa27bcce68d1792e77f4fe6f9c6b012b34d74d62f964f3c72d", size = 6787203, upload-time = "2026-07-16T10:12:40.031Z" },
    { url = "https://files.pythonhosted.org/packages/90/29/b5d5d6fb87ebd64b37471e3e79761de9983f85e14d69c522efe7af6620ce/prek-0.4.10-py3-none-manylinux_2_17_x86_64.manylinux2014_x86_64.whl", hash = "sha256:431b44d6054e72815b4b05e1173596dfd02a7f7461211d40a2e3117e414642ad", size = 6261333, upload-time = "2026-07-16T10:12:42.216Z" },
    { url = "https://files.pythonhosted.org/packages/94/d6/54ba696d19f7efdc184093353cce713a850aef9c3556e23faeecafa22e94/prek-0.4.10-py3-none-manylinux_2_28_aarch64.whl", hash = "sha256:ccbd2b4fd1df790087ba18b4506f680471922a5f13714f19801568434a040dee", size = 5867761, upload-time = "2026-07-16T10:12:44.329Z" },
    { url = "https://files.pythonhosted.org/packages/be/7d/3975098aa2baaabfc10f99f9fcf78045c4f10851beed8e9812b6a2688eab/prek-0.4.10-py3-none-manylinux_2_31_riscv64.whl", hash = "sha256:479e7480b447191aa5c6ed67e80f081d0f5ee4e878b140f4d2cee44165395f1c", size = 5714412, upload-time = "2026-07-16T10:12:46.297Z" },
    { url = "https://files.pythonhosted.org/packages/97/c0/3e0aac190fe95fdef98526343559b61d4d9fd54444c8c9137ba02412afe1/prek-0.4.10-py3-none-musllinux_1_1_armv7l.whl", hash = "sha256:0bb7451025cbd2b68e480a13cf665d7a5c87c8b87bf18549a78985c17df817ed", size = 5578145, upload-time = "2026-07-16T10:12:48.261Z" },
    { url = "https://files.pythonhosted.org/packages/d7/44/7b26035534204b8b8a9d5e625479201e616413d287262f557cb32e1f8d77/prek-0.4.10-py3-none-musllinux_1_1_i686.whl", hash = "sha256:4fb047e5776676805794574b2d7b178cb3ab536793aadf172419fcda56b34a57", size = 5889245, upload-time = "2026-07-16T10:12:50.818Z" },
    { url = "https://files.pythonhosted.org/packages/7e/6c/178a9d768876b4211a1bf63907fe308ae02d173639bcf41cea3c5eed35c1/prek-0.4.10-py3-none-musllinux_1_1_x86_64.whl", hash = "sha256:08318818d19caf79643babb89f872c92fda134a622b4731df1d6ed61e29d2d26", size = 6372849, upload-time = "2026-07-16T10:12:52.952Z" },
    { url = "https://files.pythonhosted.org/packages/4d/84/d5f5ac8193602883f9dd1d675d9d4084e34fbe3ed2ef50a0c336d8a53d8f/prek-0.4.10-py3-none-win32.whl", hash = "sha256:092872714dcde480a662bbdd98b980b248c2d3e10543d4d53a3a58cc9e5b35b0", size = 5413005, upload-time = "2026-07-16T10:12:55.113Z" },
    { url = "https://files.pythonhosted.org/packages/41/63/9e648fda10bc02c9b6ba305f93b6a6e4fd37d23d13a269a9d2d6bb44eaa1/prek-0.4.10-py3-none-win_amd64.whl", hash = "sha256:3d323a18d0f8c50e474a8fa29fb93bd2db680116d8afb19b76e72ad4667f58e6", size = 5799075, upload-time = "2026-07-16T10:12:56.963Z" },
    { url = "https://files.pythonhosted.org/packages/22/74/b34d8c80cec8dccc7b922c75b9dca62b18b603b5ed2eea93c9d7c2928d2d/prek-0.4.10-py3-none-win_arm64.whl", hash = "sha256:5e93865ef96756c4a26f37ece04ad514abbc19ae6a23ed1a507b6314e6a0d2fb", size = 5563955, upload-time = "2026-07-16T10:12:59.07Z" },
]

[[package]]
name = "pyrefly"
version = "1.1.1"
source = { registry = "https://pypi.org/simple" }
sdist = { url = "https://files.pythonhosted.org/packages/8e/20/976165fa4b1517a1a92f393b3f4d4badabfff1165eff09d4cd4908428183/pyrefly-1.1.1.tar.gz", hash = "sha256:6deda959f8603a7dbdf112c48983e2275b2903cf33c8c739ed65d7e71a4fd520", size = 5880491, upload-time = "2026-06-18T23:45:43.785Z" }
wheels = [
    { url = "https://files.pythonhosted.org/packages/b5/d6/02ba666018c6a1cb4ddfa2db98ada721adddd374db5c29ba47a0bf2637fa/pyrefly-1.1.1-py3-none-macosx_10_12_x86_64.whl", hash = "sha256:f4b8595f91885bc8b5e3c282ab68d1df21201668a84e6508b1e15f2feec0bb8d", size = 13631867, upload-time = "2026-06-18T23:45:13.923Z" },
    { url = "https://files.pythonhosted.org/packages/71/47/7a3457dbbddb513a83cf4fe527d5d5ebda5201a1010ad2a6034030e3e358/pyrefly-1.1.1-py3-none-macosx_11_0_arm64.whl", hash = "sha256:d6b238e1362622d47a6eb5af704fd8b613c94e8c303386efd6350e3da59fecc8", size = 13075304, upload-time = "2026-06-18T23:45:16.865Z" },
    { url = "https://files.pythonhosted.org/packages/84/df/70f4b3f42d58ed686a80df31e04eca54d88036cea4f9b96195c64ad0b2b5/pyrefly-1.1.1-py3-none-manylinux_2_17_aarch64.manylinux2014_aarch64.whl", hash = "sha256:b50d4510e4f8aaea79e2c4b343a4d7a060c9451c0b2aa9bfe10d7ca1ef33d68d", size = 13446966, upload-time = "2026-06-18T23:45:19.644Z" },
    { url = "https://files.pythonhosted.org/packages/3c/53/12a19bd6c7af985bcbc13c6910d0f9f6684069ead2282a5c08c2bfbb5d03/pyrefly-1.1.1-py3-none-manylinux_2_17_i686.manylinux2014_i686.whl", hash = "sha256:f330cf039ef3da3b910c84f3a7e431f0cf8d0c1d2dad26491d6cadf3c7cd4759", size = 14449222, upload-time = "2026-06-18T23:45:22.252Z" },
    { url = "https://files.pythonhosted.org/packages/93/f0/e55c48a50076fc0f9ecf4bdedec50456db383e01162f5e2121f8468be071/pyrefly-1.1.1-py3-none-manylinux_2_17_ppc64le.manylinux2014_ppc64le.whl", hash = "sha256:a6342d87c52b04f72156da04f554c4d57f3616f2b32d1763969efb22d05a1407", size = 14472947, upload-time = "2026-06-18T23:45:24.858Z" },
    { url = "https://files.pythonhosted.org/packages/b6/e7/30e085b31fed978ecb675bdbb54df566673ab550469e5af2d350f6af0be6/pyrefly-1.1.1-py3-none-manylinux_2_17_x86_64.manylinux2014_x86_64.whl", hash = "sha256:c08b814ad03175e9cf47111390537161828b472044c39ab3320252b3ac6b2edd", size = 13975252, upload-time = "2026-06-18T23:45:27.247Z" },
    { url = "https://files.pythonhosted.org/packages/47/58/49c3e67641133d3fe5d8d9a660dc0826c6c37ca197d86cad05fa7dd8bfd6/pyrefly-1.1.1-py3-none-musllinux_1_2_aarch64.whl", hash = "sha256:d50cad97f19fc893b04deff7239626cffff5dd27ffb29b7d303a1b770247b208", size = 13471780, upload-time = "2026-06-18T23:45:29.775Z" },
    { url = "https://files.pythonhosted.org/packages/71/1e/65a7ba8355e2c39d8331832905fb74dcc85fc122a3f1dfd6dbf2a88907ad/pyrefly-1.1.1-py3-none-musllinux_1_2_x86_64.whl", hash = "sha256:2150b450ee6a6bcbe69b2d45d9a4ebc934a609e1abcf65e490433f38eb873d84", size = 13989306, upload-time = "2026-06-18T23:45:32.576Z" },
    { url = "https://files.pythonhosted.org/packages/37/de/b7ee1ab2392c36945738246fba7524439810befa3cfcc03cb6157567fc10/pyrefly-1.1.1-py3-none-win32.whl", hash = "sha256:5ffd8a8ed62fe4e6bf0afe1837d1bad149bb3b9f80e928ef248c96b836db3742", size = 12608469, upload-time = "2026-06-18T23:45:35.419Z" },
    { url = "https://files.pythonhosted.org/packages/a6/9c/a0f5b52934bf80e9c7eff08222e7caf318287b9aef76acb8d9ac5740581b/pyrefly-1.1.1-py3-none-win_amd64.whl", hash = "sha256:4e0430f3ef69c8ac73505fd6584db70ed504665a9f0816fef7f723de510f26cb", size = 13502172, upload-time = "2026-06-18T23:45:38.375Z" },
    { url = "https://files.pythonhosted.org/packages/42/3d/4c6bcb3d456835f51445d3662a428f56c3ea5643ec798c577030ae34298c/pyrefly-1.1.1-py3-none-win_arm64.whl", hash = "sha256:83baf0db71e172665db1fca0ced50b8f7773f5192ca57e8ac6773a772b6d2fc5", size = 12895979, upload-time = "2026-06-18T23:45:41.026Z" },
]

[[package]]
name = "pyside6-essentials"
version = "6.11.1"
source = { registry = "https://pypi.org/simple" }
dependencies = [
    { name = "shiboken6" },
]
wheels = [
    { url = "https://files.pythonhosted.org/packages/b3/da/10d9197e7370eb4fed8df5fc547b7548dec88e5c5949e2d450db4ae96feb/pyside6_essentials-6.11.1-cp310-abi3-macosx_13_0_universal2.whl", hash = "sha256:228de53c2bc26b07e5021fbe3614fc44ca08e4dab9999af08c2b389d2c239957", size = 110352945, upload-time = "2026-05-13T09:43:08.006Z" },
    { url = "https://files.pythonhosted.org/packages/5c/49/0e1237c4400bec7e335d2c4eeb49bc40d9fd88a9ac44ca9083ce1abdc308/pyside6_essentials-6.11.1-cp310-abi3-manylinux_2_34_x86_64.whl", hash = "sha256:e3ef7027b41e4e55fadb56e3b3257dc8ee92154b639fe67fc4c8e05e9d976c60", size = 79908535, upload-time = "2026-05-13T09:43:24.836Z" },
    { url = "https://files.pythonhosted.org/packages/4c/c5/da4c5f23c6540ac5211a1f60177c8dee84b1bf40f2719479587ab8c60731/pyside6_essentials-6.11.1-cp310-abi3-manylinux_2_39_aarch64.whl", hash = "sha256:a039b6da68a3a4b9d243217b2b98d475eed3f617159ef6be925badab53c11b0d", size = 78960051, upload-time = "2026-05-13T09:43:35.423Z" },
    { url = "https://files.pythonhosted.org/packages/64/0e/b663ecc96ca57b5c91b83b6615d6b174380b0faf30338125c26e053d6aa7/pyside6_essentials-6.11.1-cp310-abi3-win_amd64.whl", hash = "sha256:63311bd48e32c584599ab04b9ef7c324082374cd2c9fa533f978fb893bb47e40", size = 77549267, upload-time = "2026-05-13T09:43:44.92Z" },
    { url = "https://files.pythonhosted.org/packages/f1/12/eb6723faf5cb7fa581145da1c15f40d641b96e080f0491af2f1859fdeedb/pyside6_essentials-6.11.1-cp310-abi3-win_arm64.whl", hash = "sha256:11253ea52aabecefe9febddbbe78b43a824129e3af1cec98431028fba7fa954f", size = 57964512, upload-time = "2026-05-13T09:43:52.968Z" },
]

[[package]]
name = "ruff"
version = "0.15.22"
source = { registry = "https://pypi.org/simple" }
sdist = { url = "https://files.pythonhosted.org/packages/3a/06/ae069393fc66e8ff33036d4b368003833bf6e88ccf182e17e7a2f1c754fd/ruff-0.15.22.tar.gz", hash = "sha256:3f15175b1fb580126f58285a5dae6b2ea89000136d980c64499211f116b54809", size = 4785063, upload-time = "2026-07-16T15:14:13.244Z" }
wheels = [
    { url = "https://files.pythonhosted.org/packages/23/18/ee54b7ae1e121be7a28ea6da4b67564ebb0530e183a54415ab7e3bcd2c4e/ruff-0.15.22-py3-none-linux_armv6l.whl", hash = "sha256:44423e73493737f5e7c5b41d475483898ff37afcdae38bc3da5085e29af1c2d8", size = 10781258, upload-time = "2026-07-16T15:13:19.452Z" },
    { url = "https://files.pythonhosted.org/packages/2f/d2/2520cb14761ddbeaf57642a76942fc36adcbdbe53b4532241995f6fc485c/ruff-0.15.22-py3-none-macosx_10_12_x86_64.whl", hash = "sha256:b82c6482946e9eda7ff2e091d25b8bad3f718684e1916d41bd56873cee05b697", size = 10999477, upload-time = "2026-07-16T15:13:23.318Z" },
    { url = "https://files.pythonhosted.org/packages/c9/10/74e53572aa758dfaa678c2a2646b5c5515d884b7ca56be4d2ce03ca4b560/ruff-0.15.22-py3-none-macosx_11_0_arm64.whl", hash = "sha256:11c1c715af53a09f714e011106bffc419751ec8232fcb5da42173284ea3fec6f", size = 10466716, upload-time = "2026-07-16T15:13:26.162Z" },
    { url = "https://files.pythonhosted.org/packages/1e/cc/44eaaf0844e028182f2d0a8f2190d0f359159aed0a9e5ab861d892f1ae2a/ruff-0.15.22-py3-none-manylinux_2_17_aarch64.manylinux2014_aarch64.whl", hash = "sha256:742a29cf29bddb7c8327895d6a10e0e6c5b38a96dd407af9b5d0857f809c0576", size = 10892644, upload-time = "2026-07-16T15:13:29.229Z" },
    { url = "https://files.pythonhosted.org/packages/9f/21/8edf559014d2b0f82beea19cfb713993ad802ccda16868769979c6090a84/ruff-0.15.22-py3-none-manylinux_2_17_armv7l.manylinux2014_armv7l.whl", hash = "sha256:72af58b951b0ae395935ae79763dc349bc0eb706319d28f7a33ad2cfb3cfc178", size = 10576719, upload-time = "2026-07-16T15:13:32.35Z" },
    { url = "https://files.pythonhosted.org/packages/bf/1e/3a13abd392a3b50b62e5938a831f9ab6e588358cacad5c18545b716d2182/ruff-0.15.22-py3-none-manylinux_2_17_i686.manylinux2014_i686.whl", hash = "sha256:62d425005c1835eb24e2ee4161cb90e8db263415f4a71c8c72c33abaa6c0c224", size = 11376494, upload-time = "2026-07-16T15:13:35.958Z" },
    { url = "https://files.pythonhosted.org/packages/bf/3e/422d3d95bcf04dd78e1aeac22184d4f9a8fb2c01865d39d44618484a0317/ruff-0.15.22-py3-none-manylinux_2_17_ppc64le.manylinux2014_ppc64le.whl", hash = "sha256:e8b9b3f8779a4f08c969defc3c8c35abffaa757e601ed5ae66d6d1db6519969a", size = 12208370, upload-time = "2026-07-16T15:13:39.185Z" },
    { url = "https://files.pythonhosted.org/packages/1e/91/5d065a0e0a02bf4813f5119ad278462eed081d2b832eb7c021ade0ec9e65/ruff-0.15.22-py3-none-manylinux_2_17_s390x.manylinux2014_s390x.whl", hash = "sha256:1e0dd1b2e4d3d585f897a0d137cbf4eaf6223bef4e8ce34d6bb12556c5f9249e", size = 11581098, upload-time = "2026-07-16T15:13:42.132Z" },
    { url = "https://files.pythonhosted.org/packages/f6/f9/a0d4871d12fae702eb1f41b686caf05f1f8b124dc6db6f784f53d74918fa/ruff-0.15.22-py3-none-manylinux_2_17_x86_64.manylinux2014_x86_64.whl", hash = "sha256:365523eb91d9224e1bcb03b022fbf0facb8f9e23792a2c53d9d4b3924bdbdebb", size = 11399422, upload-time = "2026-07-16T15:13:45.2Z" },
    { url = "https://files.pythonhosted.org/packages/18/80/c843a5176cddbceb0b7e8dd41cf9993490796c1c469348d384f5a5c13c56/ruff-0.15.22-py3-none-manylinux_2_31_riscv64.whl", hash = "sha256:fabfd168afdf29fee5be98b831efa9683c94d7c5a3b58b9ce5a2e38444589a74", size = 11381683, upload-time = "2026-07-16T15:13:48.46Z" },
    { url = "https://files.pythonhosted.org/packages/d4/00/8485de0ae92239438a36cfc51350db9b9e85c9ebdfaea91b18e422706662/ruff-0.15.22-py3-none-musllinux_1_2_aarch64.whl", hash = "sha256:225dbf095a87f1d9f90f5fd7924d2613ee452a75a4308c63a8f50f761787aa7c", size = 10850295, upload-time = "2026-07-16T15:13:51.655Z" },
    { url = "https://files.pythonhosted.org/packages/fa/91/24977ec2ec72eaf15e4394ace2959fdff2dd1e14f03e005e838023407169/ruff-0.15.22-py3-none-musllinux_1_2_armv7l.whl", hash = "sha256:1877d63b9d24ed278744f1523fd11b85540566d54641f97c566d7d9dc5ca5296", size = 10579640, upload-time = "2026-07-16T15:13:54.79Z" },
    { url = "https://files.pythonhosted.org/packages/9c/47/9b51216951974df1f263ac19da550d34252e0ed7218c25f10c5ef9ed7517/ruff-0.15.22-py3-none-musllinux_1_2_i686.whl", hash = "sha256:a1606c510bd7215680d32efab38965f7cdec3ef69f5170a3f4791404ffdd5262", size = 11105077, upload-time = "2026-07-16T15:13:57.915Z" },
    { url = "https://files.pythonhosted.org/packages/c2/47/20e9d4a3b8016778acea5fc32bb50d35d207500a17ddb529ffa6996feef8/ruff-0.15.22-py3-none-musllinux_1_2_x86_64.whl", hash = "sha256:630479b18625f5ffc373f77603a22a9f8ac0acd7ff0501178b5db28ec71e9c64", size = 11490980, upload-time = "2026-07-16T15:14:01.032Z" },
    { url = "https://files.pythonhosted.org/packages/4d/76/3f72d8fc38c1cb77b38c56a70da9d0c17700cc1cc50f9649c9d3c8f5ba71/ruff-0.15.22-py3-none-win32.whl", hash = "sha256:e5ba0e4a13fd14abbed2a77b517a3911290c6c6c59ef67784328d1668fab76cf", size = 10789165, upload-time = "2026-07-16T15:14:04.16Z" },
    { url = "https://files.pythonhosted.org/packages/cb/46/4965251734c2b6fcdca1b1b187d20bcac3af0ee5b083b89c910bb961ce3a/ruff-0.15.22-py3-none-win_amd64.whl", hash = "sha256:9be63ba1eb936acd2d1342fb8337c356353706fce233b2a15a09a97037e6acde", size = 11938297, upload-time = "2026-07-16T15:14:07.316Z" },
    { url = "https://files.pythonhosted.org/packages/57/c9/e69b1ff4c8b69093ef08b8919ab767af0569666865b39c30a8795d88d3c6/ruff-0.15.22-py3-none-win_arm64.whl", hash = "sha256:e1168075b72158510839f250027659cdd78476f40507dd517892304c41318661", size = 11298172, upload-time = "2026-07-16T15:14:10.51Z" },
]

[[package]]
name = "shiboken6"
version = "6.11.1"
source = { registry = "https://pypi.org/simple" }
wheels = [
    { url = "https://files.pythonhosted.org/packages/17/f3/f2b63df0251e7cd3172ea28e32ede52739de9566bcefcd0178681538ac81/shiboken6-6.11.1-cp310-abi3-macosx_13_0_universal2.whl", hash = "sha256:1a16867f103ef1c662a5f09dfed03273a9f81688b174555162c58e83650a3f02", size = 476874, upload-time = "2026-05-13T09:47:01.091Z" },
    { url = "https://files.pythonhosted.org/packages/c7/9b/e0355d8897b5c150770f1d95718aad17d432fcc9c035c04f3f58427d4693/shiboken6-6.11.1-cp310-abi3-manylinux_2_34_x86_64.whl", hash = "sha256:9a8bccfafc8805254cabcfa1edfaf55cd52889f4998c91ad0d9a4433fb1bcdbe", size = 272222, upload-time = "2026-05-13T09:47:02.653Z" },
    { url = "https://files.pythonhosted.org/packages/57/d5/dd4f1defed400be03340f2ede34b61f846776650b4e7ed9ebaf4c71979a2/shiboken6-6.11.1-cp310-abi3-manylinux_2_39_aarch64.whl", hash = "sha256:1bd2f4314414df2d122d9f646e03b731bc6d6b5f77a5f53f99a4fe4e97d84e6f", size = 270350, upload-time = "2026-05-13T09:47:04.02Z" },
    { url = "https://files.pythonhosted.org/packages/52/b5/3f6fb2ee65b534193fb4ef713dd619dc31dadff5d12c16979a7699ad58be/shiboken6-6.11.1-cp310-abi3-win_amd64.whl", hash = "sha256:c2c6863aa80ec18c0f82cea3417837b279cdc60024ac17123461dc9042577df7", size = 1223647, upload-time = "2026-05-13T09:47:05.924Z" },
    { url = "https://files.pythonhosted.org/packages/98/d1/f15ca0e1666faae02c945f48e745ea35f8fcd8243b176109b4e2c4251f47/shiboken6-6.11.1-cp310-abi3-win_arm64.whl", hash = "sha256:7c8d9af17db4495d4fa5b1c393f218311c4855546b9dfa6a0bd21bcd66b55e9d", size = 1784170, upload-time = "2026-05-13T09:47:07.617Z" },
]

[[package]]
name = "wireless-battery-widget"
version = "0.1.0"
source = { virtual = "." }

[package.dev-dependencies]
dev = [
    { name = "dbus-fast" },
    { name = "prek" },
    { name = "pyrefly" },
    { name = "pyside6-essentials" },
    { name = "ruff" },
]

[package.metadata]

[package.metadata.requires-dev]
dev = [
    { name = "dbus-fast", specifier = ">=5.0.22" },
    { name = "prek", specifier = ">=0.4.9" },
    { name = "pyrefly", specifier = ">=1.1.1" },
    { name = "pyside6-essentials", specifier = ">=6.11.1" },
    { name = "ruff", specifier = ">=0.15.21" },
]
